github.com/bradfitz/gomemcache v0.0.0-20221031212613-62deef7fc822 h1:hjXJeBcAMS1WGENGqDpzvmgS43oECTx8UXq31UBu0Jw=
github.com/bradfitz/gomemcache v0.0.0-20221031212613-62deef7fc822/go.mod h1:H0wQNHz2YrLsuXOZozoeDmnHXkNCRmMW0gwFWDfEZDA=
github.com/go-chi/chi/v5 v5.0.8 h1:lD+NLqFcAi1ovnVZpsnObHGW4xb4J8lNmoYVfECH1Y0=
github.com/go-chi/chi/v5 v5.0.8/go.mod h1:DslCQbL2OYiznFReuXYUmQ2hGd1aDpCnlMNITLSKoi8=
github.com/google/uuid v1.3.0 h1:t6JiXgmwXMjEs8VusXIJk2BXHsn+wx8BZdTaoZ5fu7I=
github.com/google/uuid v1.3.0/go.mod h1:TIyPZe4MgqvfeYDBFedMoGGpEw/LqOeaOT+nhxU+yHo=
github.com/gorilla/websocket v1.5.0 h1:PPwGk2jz7EePpoHN/+ClbZu8SPxiqlu12wZP/3sWmnc=
github.com/gorilla/websocket v1.5.0/go.mod h1:YR8l580nyteQvAITg2hZ9XVh4b55+EU/adAjf1fMHhE=
go.uber.org/dig v1.15.0 h1:vq3YWr8zRj1eFGC7Gvf907hE0eRjPTZ1d3xHadD6liE=
go.uber.org/dig v1.15.0/go.mod h1:pKHs0wMynzL6brANhB2hLMro+zalv1osARTviTcqHLM=
